
Microsoft Visual Studio Solution File, Format Version 12.00
# Visual Studio Version 17
VisualStudioVersion = 17.5.33530.505
MinimumVisualStudioVersion = 10.0.40219.1
Project("{FAE04EC0-301F-11D3-BF4B-00C04F79EFBC}") = "NonLethalCompany-Mod", "NonLethalCompany-Mod\NonLethalCompany-Mod.csproj", "{2D758D98-47E8-44C8-8B35-78BD64AB4821}"
EndProject
Global
	GlobalSection(SolutionConfigurationPlatforms) = preSolution
		Debug|Any CPU = Debug|Any CPU
		Release|Any CPU = Release|Any CPU
	EndGlobalSection
	GlobalSection(ProjectConfigurationPlatforms) = postSolution
		{2D758D98-47E8-44C8-8B35-78BD64AB4821}.Debug|Any CPU.ActiveCfg = Debug|Any CPU
		{2D758D98-47E8-44C8-8B35-78BD64AB4821}.Debug|Any CPU.Build.0 = Debug|Any CPU
		{2D758D98-47E8-44C8-8B35-78BD64AB4821}.Release|Any CPU.ActiveCfg = Release|Any CPU
		{2D758D98-47E8-44C8-8B35-78BD64AB4821}.Release|Any CPU.Build.0 = Release|Any CPU
	EndGlobalSection
	GlobalSection(SolutionProperties) = preSolution
		HideSolutionNode = FALSE
	EndGlobalSection
	GlobalSection(ExtensibilityGlobals) = postSolution
		SolutionGuid = {5F65C091-312D-4E12-9039-2A76A7BF6782}
	EndGlobalSection
EndGlobal
